# This file is automatically @generated by Cargo.
# It is not intended for manual editing.
version = 4

[[package]]
name = "aho-corasick"
version = "1.1.4"
source = "registry+https://github.com/rust-lang/crates.io-index"
checksum = "ddd31a130427c27518df266943a5308ed92d4b226cc639f5a8f1002816174301"
dependencies = [
 "memchr",
]

[[package]]
name = "cc"
version = "1.2.65"
source = "registry+https://github.com/rust-lang/crates.io-index"
checksum = "e228eec9be7c17ccb640b59b36a5cd805ea2a564a4c5e162c2f659fea30d3b96"
dependencies = [
 "find-msvc-tools",
 "shlex",
]

[[package]]
name = "equivalent"
version = "1.0.2"
source = "registry+https://github.com/rust-lang/crates.io-index"
checksum = "877a4ace8713b0bcf2a4e7eec82529c029f1d0619886d18145fea96c3ffe5c0f"

[[package]]
name = "find-msvc-tools"
version = "0.1.9"
source = "registry+https://github.com/rust-lang/crates.io-index"
checksum = "5baebc0774151f905a1a2cc41989300b1e6fbb29aff0ceffa1064fdd3088d582"

[[package]]
name = "hashbrown"
version = "0.17.1"
source = "registry+https://github.com/rust-lang/crates.io-index"
checksum = "ed5909b6e89a2db4456e54cd5f673791d7eca6732202bbf2a9cc504fe2f9b84a"

[[package]]
name = "indexmap"
version = "2.14.0"
source = "registry+https://github.com/rust-lang/crates.io-index"
checksum = "d466e9454f08e4a911e14806c24e16fba1b4c121d1ea474396f396069cf949d9"
dependencies = [
 "equivalent",
 "hashbrown",
]

[[package]]
name = "itoa"
version = "1.0.18"
source = "registry+https://github.com/rust-lang/crates.io-index"
checksum = "8f42a60cbdf9a97f5d2305f08a87dc4e09308d1276d28c869c684d7777685682"

[[package]]
name = "klauro-parse"
version = "0.1.0"
dependencies = [
 "tree-sitter",
 "tree-sitter-ada",
 "tree-sitter-agda",
 "tree-sitter-cmake",
 "tree-sitter-commonlisp",
 "tree-sitter-d",
 "tree-sitter-elm",
 "tree-sitter-embedded-template",
 "tree-sitter-erlang",
 "tree-sitter-fortran",
 "tree-sitter-gdscript",
 "tree-sitter-gleam",
 "tree-sitter-glsl",
 "tree-sitter-groovy",
 "tree-sitter-hcl",
 "tree-sitter-hlsl",
 "tree-sitter-jsonnet",
 "tree-sitter-lua",
 "tree-sitter-matlab",
 "tree-sitter-md",
 "tree-sitter-nickel",
 "tree-sitter-nix",
 "tree-sitter-objc",
 "tree-sitter-ocaml",
 "tree-sitter-odin",
 "tree-sitter-pascal",
 "tree-sitter-perl",
 "tree-sitter-powershell",
 "tree-sitter-prolog",
 "tree-sitter-proto",
 "tree-sitter-r",
 "tree-sitter-racket",
 "tree-sitter-rst",
 "tree-sitter-scala",
 "tree-sitter-scheme",
 "tree-sitter-slang",
 "tree-sitter-starlark",
 "tree-sitter-svelte-ng",
 "tree-sitter-v",
 "tree-sitter-verilog",
 "tree-sitter-vhdl",
]

[[package]]
name = "memchr"
version = "2.8.2"
source = "registry+https://github.com/rust-lang/crates.io-index"
checksum = "88904434abc2901f197fe8cc55f0445e7ded921dba5911dad2e2b39b48e663c4"

[[package]]
name = "proc-macro2"
version = "1.0.106"
source = "registry+https://github.com/rust-lang/crates.io-index"
checksum = "8fd00f0bb2e90d81d1044c2b32617f68fcb9fa3bb7640c23e9c748e53fb30934"
dependencies = [
 "unicode-ident",
]

[[package]]
name = "quote"
version = "1.0.46"
source = "registry+https://github.com/rust-lang/crates.io-index"
checksum = "dfbc457d0c7a0759a614551b11a6409e5951f6c7537be1f1b7682b9ae9230368"
dependencies = [
 "proc-macro2",
]

[[package]]
name = "regex"
version = "1.12.4"
source = "registry+https://github.com/rust-lang/crates.io-index"
checksum = "f1292b7759ae1cb9ec195452d1390a074f0cd8541ab7a5a8c31cd6db45d4a6ba"
dependencies = [
 "aho-corasick",
 "memchr",
 "regex-automata",
 "regex-syntax",
]

[[package]]
name = "regex-automata"
version = "0.4.14"
source = "registry+https://github.com/rust-lang/crates.io-index"
checksum = "6e1dd4122fc1595e8162618945476892eefca7b88c52820e74af6262213cae8f"
dependencies = [
 "aho-corasick",
 "memchr",
 "regex-syntax",
]

[[package]]
name = "regex-syntax"
version = "0.8.11"
source = "registry+https://github.com/rust-lang/crates.io-index"
checksum = "d6f6ff9a378485b298a5286656da665ba74413d36db0979633275d2e708145d4"

[[package]]
name = "serde"
version = "1.0.228"
source = "registry+https://github.com/rust-lang/crates.io-index"
checksum = "9a8e94ea7f378bd32cbbd37198a4a91436180c5bb472411e48b5ec2e2124ae9e"
dependencies = [
 "serde_core",
]

[[package]]
name = "serde_core"
version = "1.0.228"
source = "registry+https://github.com/rust-lang/crates.io-index"
checksum = "41d385c7d4ca58e59fc732af25c3983b67ac852c1a25000afe1175de458b67ad"
dependencies = [
 "serde_derive",
]

[[package]]
name = "serde_derive"
version = "1.0.228"
source = "registry+https://github.com/rust-lang/crates.io-index"
checksum = "d540f220d3187173da220f885ab66608367b6574e925011a9353e4badda91d79"
dependencies = [
 "proc-macro2",
 "quote",
 "syn",
]

[[package]]
name = "serde_json"
version = "1.0.150"
source = "registry+https://github.com/rust-lang/crates.io-index"
checksum = "e8014e44b4736ed0538adeecded0fce2a272f22dc9578a7eb6b2d9993c74cfb9"
dependencies = [
 "indexmap",
 "itoa",
 "memchr",
 "serde",
 "serde_core",
 "zmij",
]

[[package]]
name = "shlex"
version = "2.0.1"
source = "registry+https://github.com/rust-lang/crates.io-index"
checksum = "f8fadd59c855ef2080decdef8ff161eb6661b86933c9d82e5ba29dc602a55aba"

[[package]]
name = "streaming-iterator"
version = "0.1.9"
source = "registry+https://github.com/rust-lang/crates.io-index"
checksum = "2b2231b7c3057d5e4ad0156fb3dc807d900806020c5ffa3ee6ff2c8c76fb8520"

[[package]]
name = "syn"
version = "2.0.118"
source = "registry+https://github.com/rust-lang/crates.io-index"
checksum = "1b9ae57f904213ebb649ce6895b8a66c66f0203b9319718f69a5612a065b1422"
dependencies = [
 "proc-macro2",
 "quote",
 "unicode-ident",
]

[[package]]
name = "tree-sitter"
version = "0.26.9"
source = "registry+https://github.com/rust-lang/crates.io-index"
checksum = "4dab76d0b724ba557954125188cf0633a1ca43199ced82d95c7b9c32cc3de1f3"
dependencies = [
 "cc",
 "regex",
 "regex-syntax",
 "serde_json",
 "streaming-iterator",
 "tree-sitter-language",
]

[[package]]
name = "tree-sitter-ada"
version = "0.1.0"
source = "registry+https://github.com/rust-lang/crates.io-index"
checksum = "8d9fcdd64359c98fcc99d72f6d3d6ca5d6d76ce325ac39430b1d283a0fb61ca1"
dependencies = [
 "cc",
 "tree-sitter-language",
]

[[package]]
name = "tree-sitter-agda"
version = "1.3.3"
source = "registry+https://github.com/rust-lang/crates.io-index"
checksum = "79170741bc75a42d93a69f7e2d39bece006bea602af30650f7f323645094d693"
dependencies = [
 "cc",
 "tree-sitter-language",
]

[[package]]
name = "tree-sitter-cmake"
version = "0.7.1"
source = "registry+https://github.com/rust-lang/crates.io-index"
checksum = "7c1b35d1dd7396d24b3e826bb0f975b915ec7e9125b989d5e9d24ebb6a08509a"
dependencies = [
 "cc",
 "tree-sitter-language",
]

[[package]]
name = "tree-sitter-commonlisp"
version = "0.4.1"
source = "registry+https://github.com/rust-lang/crates.io-index"
checksum = "36c662ae95eee8c5ada519d4fe87261c5fbcc3ffaac4b10c03d460154cd6a9b2"
dependencies = [
 "cc",
 "tree-sitter-language",
]

[[package]]
name = "tree-sitter-d"
version = "0.8.2"
source = "registry+https://github.com/rust-lang/crates.io-index"
checksum = "66c6fa0082e20747a92c5c863cadb7775fbe344f212837f03fc0f7187adf6fd1"
dependencies = [
 "cc",
 "tree-sitter-language",
]

[[package]]
name = "tree-sitter-elm"
version = "5.9.0"
source = "registry+https://github.com/rust-lang/crates.io-index"
checksum = "23840259bfc74d3fc7638047002703bac8624f4969fd73226d7ed516a1b91e9c"
dependencies = [
 "cc",
 "tree-sitter-language",
]

[[package]]
name = "tree-sitter-embedded-template"
version = "0.25.0"
source = "registry+https://github.com/rust-lang/crates.io-index"
checksum = "833d528e8fcb4e49ddb04d4d6450ddb8ac08f282a58fec94ce981c9c5dbf7e3a"
dependencies = [
 "cc",
 "tree-sitter-language",
]

[[package]]
name = "tree-sitter-erlang"
version = "0.19.0"
source = "registry+https://github.com/rust-lang/crates.io-index"
checksum = "a5c42fa011acaeb36d0be0f3ebc87d7a4009cd92a6969cbc63320bcfd989df69"
dependencies = [
 "cc",
 "tree-sitter-language",
]

[[package]]
name = "tree-sitter-fortran"
version = "0.6.0"
source = "registry+https://github.com/rust-lang/crates.io-index"
checksum = "ea5fea41363a9b59666001dc26c4b356d4e164da27c6ce31145e00aba6bf9b16"
dependencies = [
 "cc",
 "tree-sitter-language",
]

[[package]]
name = "tree-sitter-gdscript"
version = "6.1.0"
source = "registry+https://github.com/rust-lang/crates.io-index"
checksum = "b7a37fe8c0a10c0c39ecd5b2f7db53933f691488f5572409a4d3c0dfeb3f6108"
dependencies = [
 "cc",
 "tree-sitter-language",
]

[[package]]
name = "tree-sitter-gleam"
version = "1.0.0"
source = "registry+https://github.com/rust-lang/crates.io-index"
checksum = "f0175c53793bda5d444360dd5add25463d18d66afb7f521d6791e2fc61bf2fb3"
dependencies = [
 "cc",
 "tree-sitter-language",
]

[[package]]
name = "tree-sitter-glsl"
version = "0.2.0"
source = "registry+https://github.com/rust-lang/crates.io-index"
checksum = "df0ee57cbf4c2b35d3a7f17a01bf33c0ef2e85987cb85e516ac8c6904c4e62ac"
dependencies = [
 "cc",
 "tree-sitter-language",
]

[[package]]
name = "tree-sitter-groovy"
version = "0.1.2"
source = "registry+https://github.com/rust-lang/crates.io-index"
checksum = "5a20016017f0865ba902ca50354f92429de5de8df994e64ab7fae087a13c40ed"
dependencies = [
 "cc",
 "tree-sitter-language",
]

[[package]]
name = "tree-sitter-hcl"
version = "1.1.0"
source = "registry+https://github.com/rust-lang/crates.io-index"
checksum = "5a7b2cc3d7121553b84309fab9d11b3ff3d420403eef9ae50f9fd1cd9d9cf012"
dependencies = [
 "cc",
 "tree-sitter-language",
]

[[package]]
name = "tree-sitter-hlsl"
version = "0.2.0"
source = "registry+https://github.com/rust-lang/crates.io-index"
checksum = "0ef1d03e58f55c1e313ac3418540f941a49a59605bd9447e1441091fafbd5df6"
dependencies = [
 "cc",
 "tree-sitter-language",
]

[[package]]
name = "tree-sitter-jsonnet"
version = "0.0.1"
source = "registry+https://github.com/rust-lang/crates.io-index"
checksum = "38ce8f9839652bd0effc7c384d42d1a1da3ba0c0313b85bb9a723b80cd91ca6c"
dependencies = [
 "cc",
 "tree-sitter-language",
]

[[package]]
name = "tree-sitter-language"
version = "0.1.7"
source = "registry+https://github.com/rust-lang/crates.io-index"
checksum = "009994f150cc0cd50ff54917d5bc8bffe8cad10ca10d81c34da2ec421ae61782"

[[package]]
name = "tree-sitter-lua"
version = "0.5.0"
source = "registry+https://github.com/rust-lang/crates.io-index"
checksum = "8daaf5f4235188a58603c39760d5fa5d4b920d36a299c934adddae757f32a10c"
dependencies = [
 "cc",
 "tree-sitter-language",
]

[[package]]
name = "tree-sitter-matlab"
version = "1.3.0"
source = "registry+https://github.com/rust-lang/crates.io-index"
checksum = "8e8d8831a78547f54860dd8467166b1ab0c466d03d43c4bb447af55c024281f7"
dependencies = [
 "cc",
 "tree-sitter-language",
]

[[package]]
name = "tree-sitter-md"
version = "0.5.3"
source = "registry+https://github.com/rust-lang/crates.io-index"
checksum = "2efd398be546456c814598ee56c0f51769a77241511b4a58077815d120afa882"
dependencies = [
 "cc",
 "tree-sitter-language",
]

[[package]]
name = "tree-sitter-nickel"
version = "0.5.0"
source = "registry+https://github.com/rust-lang/crates.io-index"
checksum = "f7bb930cf314466ad3ca1e45c876bbbca228f66fe92db8a087796cf8f26d3ba8"
dependencies = [
 "cc",
 "tree-sitter",
 "tree-sitter-language",
]

[[package]]
name = "tree-sitter-nix"
version = "0.3.0"
source = "registry+https://github.com/rust-lang/crates.io-index"
checksum = "4952a9733f3a98f6683a0ccd1035d84ab7a52f7e84eeed58548d86765ad92de3"
dependencies = [
 "cc",
 "tree-sitter-language",
]

[[package]]
name = "tree-sitter-objc"
version = "3.0.2"
source = "registry+https://github.com/rust-lang/crates.io-index"
checksum = "9ca8bb556423fc176f0535e79d525f783a6684d3c9da81bf9d905303c129e1d2"
dependencies = [
 "cc",
 "tree-sitter-language",
]

[[package]]
name = "tree-sitter-ocaml"
version = "0.25.0"
source = "registry+https://github.com/rust-lang/crates.io-index"
checksum = "0b943275476bac8f73e08bc4050e21d89d61ff68e1751b789ba74917b9147a85"
dependencies = [
 "cc",
 "tree-sitter-language",
]

[[package]]
name = "tree-sitter-odin"
version = "1.3.0"
source = "registry+https://github.com/rust-lang/crates.io-index"
checksum = "24db210fe9ba2237c71c5030d7b146c7025420ba72dd8013d13cd822c3a8d77a"
dependencies = [
 "cc",
 "tree-sitter-language",
]

[[package]]
name = "tree-sitter-pascal"
version = "0.10.2"
source = "registry+https://github.com/rust-lang/crates.io-index"
checksum = "adb51e9a57493fd237e4517566749f7f7453349261a72a427e5f11d3b34b72a8"
dependencies = [
 "cc",
 "tree-sitter-language",
]

[[package]]
name = "tree-sitter-perl"
version = "1.1.2"
source = "registry+https://github.com/rust-lang/crates.io-index"
checksum = "e79d4ae71b42e595c24c354b59905ade8162bd400ebc53ab916ea8aec54da92d"
dependencies = [
 "cc",
 "tree-sitter",
 "tree-sitter-language",
]

[[package]]
name = "tree-sitter-powershell"
version = "0.26.4"
source = "registry+https://github.com/rust-lang/crates.io-index"
checksum = "3faf304d44b9ddd4a7d97804bb8de7daf564336dd5a526dc6de5b39238243022"
dependencies = [
 "cc",
 "tree-sitter-language",
]

[[package]]
name = "tree-sitter-prolog"
version = "0.1.0"
source = "registry+https://github.com/rust-lang/crates.io-index"
checksum = "1d475fc08c018acb005af5a1030fe9752c918c65d7d263ad5edafe8488157f02"
dependencies = [
 "cc",
 "tree-sitter-language",
]

[[package]]
name = "tree-sitter-proto"
version = "0.4.0"
source = "registry+https://github.com/rust-lang/crates.io-index"
checksum = "2e410ccb5fa3cbd6bf7b8e512ecf7ad9d5254395b822bfe9f751b50fa978f31c"
dependencies = [
 "cc",
 "tree-sitter-language",
]

[[package]]
name = "tree-sitter-r"
version = "1.3.0"
source = "registry+https://github.com/rust-lang/crates.io-index"
checksum = "ffc9954ec870dcad6cffdd302b405306c68cf031ed79a78cd9746f6740d9fe20"
dependencies = [
 "cc",
 "tree-sitter-language",
]

[[package]]
name = "tree-sitter-racket"
version = "0.24.7"
source = "registry+https://github.com/rust-lang/crates.io-index"
checksum = "f8395b6a054e6264c67e1ef915f239c4f86575b7d7c69638bdbf3c336c58f128"
dependencies = [
 "cc",
 "tree-sitter-language",
]

[[package]]
name = "tree-sitter-rst"
version = "0.2.0"
source = "registry+https://github.com/rust-lang/crates.io-index"
checksum = "5dfcdcad099da73915f36bf5fa5be7e81d1e7ffaa38913d7189697cc6ea177d7"
dependencies = [
 "cc",
 "tree-sitter-language",
]

[[package]]
name = "tree-sitter-scala"
version = "0.26.0"
source = "registry+https://github.com/rust-lang/crates.io-index"
checksum = "de5a4a7ff23a55474ce6a741d52aaeca7a82fe9421bb982b86e98c6ac8629397"
dependencies = [
 "cc",
 "tree-sitter-language",
]

[[package]]
name = "tree-sitter-scheme"
version = "0.24.7"
source = "registry+https://github.com/rust-lang/crates.io-index"
checksum = "8a7e7f156bdf38145f26705d1733185698845307d3e9d9c071ecce4375575131"
dependencies = [
 "cc",
 "tree-sitter-language",
]

[[package]]
name = "tree-sitter-slang"
version = "0.3.1"
source = "registry+https://github.com/rust-lang/crates.io-index"
checksum = "667fe30ff3ed3af5134e21b7a2aa7978aa0b00bd9f9a8481f0a899c1caceb004"
dependencies = [
 "cc",
 "tree-sitter-language",
]

[[package]]
name = "tree-sitter-starlark"
version = "1.3.0"
source = "registry+https://github.com/rust-lang/crates.io-index"
checksum = "8934f282d085cc4b9ee28aa688aa3fbe8aa3766201c2a6252f411d45b4c3a721"
dependencies = [
 "cc",
 "tree-sitter-language",
]

[[package]]
name = "tree-sitter-svelte-ng"
version = "1.0.2"
source = "registry+https://github.com/rust-lang/crates.io-index"
checksum = "ef0a71f9cf5e94373cc86c64893630c8a29bb25d3390a248268d08af2165fa37"
dependencies = [
 "cc",
 "tree-sitter-language",
]

[[package]]
name = "tree-sitter-v"
version = "0.0.3"
source = "registry+https://github.com/rust-lang/crates.io-index"
checksum = "78e7754fd4c88a249174575825bbdba2fa1f7fdde522c8379614e4a0d52d7018"
dependencies = [
 "cc",
 "tree-sitter-language",
]

[[package]]
name = "tree-sitter-verilog"
version = "1.0.3"
source = "registry+https://github.com/rust-lang/crates.io-index"
checksum = "d4e7e0360395852f1f6ff5b7b82c72dc6557d181073188df1d60ec469ea69c66"
dependencies = [
 "cc",
 "tree-sitter-language",
]

[[package]]
name = "tree-sitter-vhdl"
version = "1.4.0"
source = "registry+https://github.com/rust-lang/crates.io-index"
checksum = "0feb025ddf87c45bb98335ef2a2493cac08ec6b74d33201d1bf75df2be08de23"
dependencies = [
 "cc",
 "tree-sitter-language",
]

[[package]]
name = "unicode-ident"
version = "1.0.24"
source = "registry+https://github.com/rust-lang/crates.io-index"
checksum = "e6e4313cd5fcd3dad5cafa179702e2b244f760991f45397d14d4ebf38247da75"

[[package]]
name = "zmij"
version = "1.0.21"
source = "registry+https://github.com/rust-lang/crates.io-index"
checksum = "b8848ee67ecc8aedbaf3e4122217aff892639231befc6a1b58d29fff4c2cabaa"
